
Microsoft Visual Studio Solution File, Format Version 12.00
# Visual Studio Version 16
VisualStudioVersion = 16.0.30413.136
MinimumVisualStudioVersion = 10.0.40219.1
Project("{FAE04EC0-301F-11D3-BF4B-00C04F79EFBC}") = "StaffManagement.Application.DataAccess", "StaffManagement.Application.DataAccess\StaffManagement.Application.DataAccess.csproj", "{794A0DBB-B702-4E91-B498-64DE6D011885}"
EndProject
Project("{FAE04EC0-301F-11D3-BF4B-00C04F79EFBC}") = "StaffManagement.Application.Model", "StaffManagement.Application.Model\StaffManagement.Application.Model.csproj", "{4FC834C7-B98F-4A5F-8CB5-301168DB7D0B}"
EndProject
Project("{FAE04EC0-301F-11D3-BF4B-00C04F79EFBC}") = "StaffManagement.Application.Service", "StaffManagement.Application.Service\StaffManagement.Application.Service.csproj", "{3500E0CF-069B-48C3-AD8A-F9FEB0E7CA04}"
EndProject
Project("{FAE04EC0-301F-11D3-BF4B-00C04F79EFBC}") = "StaffManagement.Application.Web", "StaffManagement.Application.Web\StaffManagement.Application.Web.csproj", "{43CAF41F-E90E-4A0A-A69A-970ECEAD03B5}"
EndProject
Project("{FAE04EC0-301F-11D3-BF4B-00C04F79EFBC}") = "StaffManagement.Application.WebApi", "StaffManagement.Application.WebApi\StaffManagement.Application.WebApi.csproj", "{EB0F3AF5-6C64-4DDC-AEF4-01CC55D73098}"
EndProject
Global
	GlobalSection(SolutionConfigurationPlatforms) = preSolution
		Debug|Any CPU = Debug|Any CPU
		Release|Any CPU = Release|Any CPU
	EndGlobalSection
	GlobalSection(ProjectConfigurationPlatforms) = postSolution
		{794A0DBB-B702-4E91-B498-64DE6D011885}.Debug|Any CPU.ActiveCfg = Debug|Any CPU
		{794A0DBB-B702-4E91-B498-64DE6D011885}.Debug|Any CPU.Build.0 = Debug|Any CPU
		{794A0DBB-B702-4E91-B498-64DE6D011885}.Release|Any CPU.ActiveCfg = Release|Any CPU
		{794A0DBB-B702-4E91-B498-64DE6D011885}.Release|Any CPU.Build.0 = Release|Any CPU
		{4FC834C7-B98F-4A5F-8CB5-301168DB7D0B}.Debug|Any CPU.ActiveCfg = Debug|Any CPU
		{4FC834C7-B98F-4A5F-8CB5-301168DB7D0B}.Debug|Any CPU.Build.0 = Debug|Any CPU
		{4FC834C7-B98F-4A5F-8CB5-301168DB7D0B}.Release|Any CPU.ActiveCfg = Release|Any CPU
		{4FC834C7-B98F-4A5F-8CB5-301168DB7D0B}.Release|Any CPU.Build.0 = Release|Any CPU
		{3500E0CF-069B-48C3-AD8A-F9FEB0E7CA04}.Debug|Any CPU.ActiveCfg = Debug|Any CPU
		{3500E0CF-069B-48C3-AD8A-F9FEB0E7CA04}.Debug|Any CPU.Build.0 = Debug|Any CPU
		{3500E0CF-069B-48C3-AD8A-F9FEB0E7CA04}.Release|Any CPU.ActiveCfg = Release|Any CPU
		{3500E0CF-069B-48C3-AD8A-F9FEB0E7CA04}.Release|Any CPU.Build.0 = Release|Any CPU
		{43CAF41F-E90E-4A0A-A69A-970ECEAD03B5}.Debug|Any CPU.ActiveCfg = Debug|Any CPU
		{43CAF41F-E90E-4A0A-A69A-970ECEAD03B5}.Debug|Any CPU.Build.0 = Debug|Any CPU
		{43CAF41F-E90E-4A0A-A69A-970ECEAD03B5}.Release|Any CPU.ActiveCfg = Release|Any CPU
		{43CAF41F-E90E-4A0A-A69A-970ECEAD03B5}.Release|Any CPU.Build.0 = Release|Any CPU
		{EB0F3AF5-6C64-4DDC-AEF4-01CC55D73098}.Debug|Any CPU.ActiveCfg = Debug|Any CPU
		{EB0F3AF5-6C64-4DDC-AEF4-01CC55D73098}.Debug|Any CPU.Build.0 = Debug|Any CPU
		{EB0F3AF5-6C64-4DDC-AEF4-01CC55D73098}.Release|Any CPU.ActiveCfg = Release|Any CPU
		{EB0F3AF5-6C64-4DDC-AEF4-01CC55D73098}.Release|Any CPU.Build.0 = Release|Any CPU
	EndGlobalSection
	GlobalSection(SolutionProperties) = preSolution
		HideSolutionNode = FALSE
	EndGlobalSection
	GlobalSection(ExtensibilityGlobals) = postSolution
		SolutionGuid = {737F0EF7-EB6D-4C53-967C-C321977403AF}
	EndGlobalSection
EndGlobal
